
Microsoft Visual Studio Solution File, Format Version 12.00
Project("{FAE04EC0-301F-11D3-BF4B-00C04F79EFBC}") = "MovieProxy", "MovieProxy\MovieProxy.csproj", "{B4676EED-36E8-480F-A7B8-E768390E8A92}"
EndProject
Global
	GlobalSection(SolutionConfigurationPlatforms) = preSolution
		Debug|Any CPU = Debug|Any CPU
		Release|Any CPU = Release|Any CPU
	EndGlobalSection
	GlobalSection(ProjectConfigurationPlatforms) = postSolution
		{B4676EED-36E8-480F-A7B8-E768390E8A92}.Debug|Any CPU.ActiveCfg = Debug|Any CPU
		{B4676EED-36E8-480F-A7B8-E768390E8A92}.Debug|Any CPU.Build.0 = Debug|Any CPU
		{B4676EED-36E8-480F-A7B8-E768390E8A92}.Release|Any CPU.ActiveCfg = Release|Any CPU
		{B4676EED-36E8-480F-A7B8-E768390E8A92}.Release|Any CPU.Build.0 = Release|Any CPU
	EndGlobalSection
EndGlobal
